Microsoft Visual Studio Solution File, Format Version 11.00
# Visual Studio 2008

Project("{1EE8E5C9-5DDD-8AF2-66C5-F611650A8B7B}") = "Flatty Bird", "Assembly-CSharp.csproj", "{920237A1-5CF0-D398-BAB3-12E510A7FFB0}"
EndProject
Global
	GlobalSection(SolutionConfigurationPlatforms) = preSolution
		Debug|Any CPU = Debug|Any CPU
		Release|Any CPU = Release|Any CPU
	EndGlobalSection
	GlobalSection(ProjectConfigurationPlatforms) = postSolution
		{920237A1-5CF0-D398-BAB3-12E510A7FFB0}.Debug|Any CPU.ActiveCfg = Debug|Any CPU
		{920237A1-5CF0-D398-BAB3-12E510A7FFB0}.Debug|Any CPU.Build.0 = Debug|Any CPU
		{920237A1-5CF0-D398-BAB3-12E510A7FFB0}.Release|Any CPU.ActiveCfg = Release|Any CPU
		{920237A1-5CF0-D398-BAB3-12E510A7FFB0}.Release|Any CPU.Build.0 = Release|Any CPU
	EndGlobalSection
	GlobalSection(SolutionProperties) = preSolution
		HideSolutionNode = FALSE
	EndGlobalSection
	GlobalSection(MonoDevelopProperties) = preSolution
		StartupItem = Assembly-CSharp.csproj
	EndGlobalSection
EndGlobal
